
Microsoft Visual Studio Solution File, Format Version 12.00
# Visual Studio Version 16
VisualStudioVersion = 16.0.30413.136
MinimumVisualStudioVersion = 10.0.40219.1
Project("{FAE04EC0-301F-11D3-BF4B-00C04F79EFBC}") = "SummarizingTextFundamentals", "SummarizingTextFundamentals\SummarizingTextFundamentals.csproj", "{517B8F21-9540-4193-A8B0-8916BB383741}"
EndProject
Global
	GlobalSection(SolutionConfigurationPlatforms) = preSolution
		Debug|Any CPU = Debug|Any CPU
		Release|Any CPU = Release|Any CPU
	EndGlobalSection
	GlobalSection(ProjectConfigurationPlatforms) = postSolution
		{517B8F21-9540-4193-A8B0-8916BB383741}.Debug|Any CPU.ActiveCfg = Debug|Any CPU
		{517B8F21-9540-4193-A8B0-8916BB383741}.Debug|Any CPU.Build.0 = Debug|Any CPU
		{517B8F21-9540-4193-A8B0-8916BB383741}.Release|Any CPU.ActiveCfg = Release|Any CPU
		{517B8F21-9540-4193-A8B0-8916BB383741}.Release|Any CPU.Build.0 = Release|Any CPU
	EndGlobalSection
	GlobalSection(SolutionProperties) = preSolution
		HideSolutionNode = FALSE
	EndGlobalSection
	GlobalSection(ExtensibilityGlobals) = postSolution
		SolutionGuid = {5F5F26BD-C1D3-4194-8561-5F1506DE639C}
	EndGlobalSection
EndGlobal
