
Microsoft Visual Studio Solution File, Format Version 12.00
# Visual Studio Version 16
VisualStudioVersion = 16.0.30413.136
MinimumVisualStudioVersion = 10.0.40219.1
Project("{FAE04EC0-301F-11D3-BF4B-00C04F79EFBC}") = "55Excercise1", "55Excercise1\55Excercise1.csproj", "{D35F2B66-A07A-441B-9AE0-896F5EF14768}"
EndProject
Global
	GlobalSection(SolutionConfigurationPlatforms) = preSolution
		Debug|Any CPU = Debug|Any CPU
		Release|Any CPU = Release|Any CPU
	EndGlobalSection
	GlobalSection(ProjectConfigurationPlatforms) = postSolution
		{D35F2B66-A07A-441B-9AE0-896F5EF14768}.Debug|Any CPU.ActiveCfg = Debug|Any CPU
		{D35F2B66-A07A-441B-9AE0-896F5EF14768}.Debug|Any CPU.Build.0 = Debug|Any CPU
		{D35F2B66-A07A-441B-9AE0-896F5EF14768}.Release|Any CPU.ActiveCfg = Release|Any CPU
		{D35F2B66-A07A-441B-9AE0-896F5EF14768}.Release|Any CPU.Build.0 = Release|Any CPU
	EndGlobalSection
	GlobalSection(SolutionProperties) = preSolution
		HideSolutionNode = FALSE
	EndGlobalSection
	GlobalSection(ExtensibilityGlobals) = postSolution
		SolutionGuid = {785C1747-55A4-426C-B7D8-A49CF6CE7E81}
	EndGlobalSection
EndGlobal
