
Microsoft Visual Studio Solution File, Format Version 12.00
# Visual Studio Version 17
VisualStudioVersion = 17.0.32126.317
MinimumVisualStudioVersion = 10.0.40219.1
Project("{FAE04EC0-301F-11D3-BF4B-00C04F79EFBC}") = "PrceduralProgrammingFundamentals2", "PrceduralProgrammingFundamentals2\PrceduralProgrammingFundamentals2.csproj", "{E19C2807-181B-442E-8FE6-736AF6390C87}"
EndProject
Global
	GlobalSection(SolutionConfigurationPlatforms) = preSolution
		Debug|Any CPU = Debug|Any CPU
		Release|Any CPU = Release|Any CPU
	EndGlobalSection
	GlobalSection(ProjectConfigurationPlatforms) = postSolution
		{E19C2807-181B-442E-8FE6-736AF6390C87}.Debug|Any CPU.ActiveCfg = Debug|Any CPU
		{E19C2807-181B-442E-8FE6-736AF6390C87}.Debug|Any CPU.Build.0 = Debug|Any CPU
		{E19C2807-181B-442E-8FE6-736AF6390C87}.Release|Any CPU.ActiveCfg = Release|Any CPU
		{E19C2807-181B-442E-8FE6-736AF6390C87}.Release|Any CPU.Build.0 = Release|Any CPU
	EndGlobalSection
	GlobalSection(SolutionProperties) = preSolution
		HideSolutionNode = FALSE
	EndGlobalSection
	GlobalSection(ExtensibilityGlobals) = postSolution
		SolutionGuid = {41F23B04-70B9-4FC4-AD3E-87F092CB76EB}
	EndGlobalSection
EndGlobal
