
Microsoft Visual Studio Solution File, Format Version 12.00
# Visual Studio Version 16
VisualStudioVersion = 16.0.30413.136
MinimumVisualStudioVersion = 10.0.40219.1
Project("{FAE04EC0-301F-11D3-BF4B-00C04F79EFBC}") = "StingFundamentals", "StingFundamentals\StingFundamentals.csproj", "{0EF90AE6-8AB7-4D03-8DF6-D46F647FD0C5}"
EndProject
Global
	GlobalSection(SolutionConfigurationPlatforms) = preSolution
		Debug|Any CPU = Debug|Any CPU
		Release|Any CPU = Release|Any CPU
	EndGlobalSection
	GlobalSection(ProjectConfigurationPlatforms) = postSolution
		{0EF90AE6-8AB7-4D03-8DF6-D46F647FD0C5}.Debug|Any CPU.ActiveCfg = Debug|Any CPU
		{0EF90AE6-8AB7-4D03-8DF6-D46F647FD0C5}.Debug|Any CPU.Build.0 = Debug|Any CPU
		{0EF90AE6-8AB7-4D03-8DF6-D46F647FD0C5}.Release|Any CPU.ActiveCfg = Release|Any CPU
		{0EF90AE6-8AB7-4D03-8DF6-D46F647FD0C5}.Release|Any CPU.Build.0 = Release|Any CPU
	EndGlobalSection
	GlobalSection(SolutionProperties) = preSolution
		HideSolutionNode = FALSE
	EndGlobalSection
	GlobalSection(ExtensibilityGlobals) = postSolution
		SolutionGuid = {5ABC0B19-FC44-4BC9-B60A-4860BF4C0994}
	EndGlobalSection
EndGlobal
