
Microsoft Visual Studio Solution File, Format Version 12.00
# Visual Studio Version 17
VisualStudioVersion = 17.0.32126.317
MinimumVisualStudioVersion = 10.0.40219.1
Project("{FAE04EC0-301F-11D3-BF4B-00C04F79EFBC}") = "67Excercise4", "67Excercise4\67Excercise4.csproj", "{2C44D8D4-27B6-4A13-B9A7-A3FB15657E3C}"
EndProject
Global
	GlobalSection(SolutionConfigurationPlatforms) = preSolution
		Debug|Any CPU = Debug|Any CPU
		Release|Any CPU = Release|Any CPU
	EndGlobalSection
	GlobalSection(ProjectConfigurationPlatforms) = postSolution
		{2C44D8D4-27B6-4A13-B9A7-A3FB15657E3C}.Debug|Any CPU.ActiveCfg = Debug|Any CPU
		{2C44D8D4-27B6-4A13-B9A7-A3FB15657E3C}.Debug|Any CPU.Build.0 = Debug|Any CPU
		{2C44D8D4-27B6-4A13-B9A7-A3FB15657E3C}.Release|Any CPU.ActiveCfg = Release|Any CPU
		{2C44D8D4-27B6-4A13-B9A7-A3FB15657E3C}.Release|Any CPU.Build.0 = Release|Any CPU
	EndGlobalSection
	GlobalSection(SolutionProperties) = preSolution
		HideSolutionNode = FALSE
	EndGlobalSection
	GlobalSection(ExtensibilityGlobals) = postSolution
		SolutionGuid = {FC9E96A3-7C1D-42F4-9FDE-5DCFFB1583C7}
	EndGlobalSection
EndGlobal
