
Microsoft Visual Studio Solution File, Format Version 12.00
# Visual Studio Version 17
VisualStudioVersion = 17.0.32126.317
MinimumVisualStudioVersion = 10.0.40219.1
Project("{FAE04EC0-301F-11D3-BF4B-00C04F79EFBC}") = "67Excercise1", "67Excercise1\67Excercise1.csproj", "{3E199838-A118-4FE4-960D-32311EB2B68C}"
EndProject
Global
	GlobalSection(SolutionConfigurationPlatforms) = preSolution
		Debug|Any CPU = Debug|Any CPU
		Release|Any CPU = Release|Any CPU
	EndGlobalSection
	GlobalSection(ProjectConfigurationPlatforms) = postSolution
		{3E199838-A118-4FE4-960D-32311EB2B68C}.Debug|Any CPU.ActiveCfg = Debug|Any CPU
		{3E199838-A118-4FE4-960D-32311EB2B68C}.Debug|Any CPU.Build.0 = Debug|Any CPU
		{3E199838-A118-4FE4-960D-32311EB2B68C}.Release|Any CPU.ActiveCfg = Release|Any CPU
		{3E199838-A118-4FE4-960D-32311EB2B68C}.Release|Any CPU.Build.0 = Release|Any CPU
	EndGlobalSection
	GlobalSection(SolutionProperties) = preSolution
		HideSolutionNode = FALSE
	EndGlobalSection
	GlobalSection(ExtensibilityGlobals) = postSolution
		SolutionGuid = {F4675469-1FFF-4C1D-95EA-CAAA15F06A97}
	EndGlobalSection
EndGlobal
