
Microsoft Visual Studio Solution File, Format Version 12.00
# Visual Studio Version 16
VisualStudioVersion = 16.0.30413.136
MinimumVisualStudioVersion = 10.0.40219.1
Project("{FAE04EC0-301F-11D3-BF4B-00C04F79EFBC}") = "55Excercise3", "55Excercise3\55Excercise3.csproj", "{4C436DC0-7C40-4D13-994B-41D598EE179B}"
EndProject
Global
	GlobalSection(SolutionConfigurationPlatforms) = preSolution
		Debug|Any CPU = Debug|Any CPU
		Release|Any CPU = Release|Any CPU
	EndGlobalSection
	GlobalSection(ProjectConfigurationPlatforms) = postSolution
		{4C436DC0-7C40-4D13-994B-41D598EE179B}.Debug|Any CPU.ActiveCfg = Debug|Any CPU
		{4C436DC0-7C40-4D13-994B-41D598EE179B}.Debug|Any CPU.Build.0 = Debug|Any CPU
		{4C436DC0-7C40-4D13-994B-41D598EE179B}.Release|Any CPU.ActiveCfg = Release|Any CPU
		{4C436DC0-7C40-4D13-994B-41D598EE179B}.Release|Any CPU.Build.0 = Release|Any CPU
	EndGlobalSection
	GlobalSection(SolutionProperties) = preSolution
		HideSolutionNode = FALSE
	EndGlobalSection
	GlobalSection(ExtensibilityGlobals) = postSolution
		SolutionGuid = {916314F8-3C10-4F85-A5DE-4367996F0869}
	EndGlobalSection
EndGlobal
