
Microsoft Visual Studio Solution File, Format Version 12.00
# Visual Studio Version 16
VisualStudioVersion = 16.0.30413.136
MinimumVisualStudioVersion = 10.0.40219.1
Project("{FAE04EC0-301F-11D3-BF4B-00C04F79EFBC}") = "042Excercise4", "042Excercise4\042Excercise4.csproj", "{CFF01FFA-EBA3-496A-BD82-7550F25949A8}"
EndProject
Global
	GlobalSection(SolutionConfigurationPlatforms) = preSolution
		Debug|Any CPU = Debug|Any CPU
		Release|Any CPU = Release|Any CPU
	EndGlobalSection
	GlobalSection(ProjectConfigurationPlatforms) = postSolution
		{CFF01FFA-EBA3-496A-BD82-7550F25949A8}.Debug|Any CPU.ActiveCfg = Debug|Any CPU
		{CFF01FFA-EBA3-496A-BD82-7550F25949A8}.Debug|Any CPU.Build.0 = Debug|Any CPU
		{CFF01FFA-EBA3-496A-BD82-7550F25949A8}.Release|Any CPU.ActiveCfg = Release|Any CPU
		{CFF01FFA-EBA3-496A-BD82-7550F25949A8}.Release|Any CPU.Build.0 = Release|Any CPU
	EndGlobalSection
	GlobalSection(SolutionProperties) = preSolution
		HideSolutionNode = FALSE
	EndGlobalSection
	GlobalSection(ExtensibilityGlobals) = postSolution
		SolutionGuid = {578CB23E-4EBE-4BFE-A0F3-B7AD6F1AD9F5}
	EndGlobalSection
EndGlobal
