
Microsoft Visual Studio Solution File, Format Version 12.00
# Visual Studio Version 17
VisualStudioVersion = 17.1.32328.378
MinimumVisualStudioVersion = 10.0.40219.1
Project("{FAE04EC0-301F-11D3-BF4B-00C04F79EFBC}") = "Teszt88", "Teszt88\Teszt88.csproj", "{A5401EE7-9066-4869-8AF7-89365C1A10B8}"
EndProject
Global
	GlobalSection(SolutionConfigurationPlatforms) = preSolution
		Debug|Any CPU = Debug|Any CPU
		Release|Any CPU = Release|Any CPU
	EndGlobalSection
	GlobalSection(ProjectConfigurationPlatforms) = postSolution
		{A5401EE7-9066-4869-8AF7-89365C1A10B8}.Debug|Any CPU.ActiveCfg = Debug|Any CPU
		{A5401EE7-9066-4869-8AF7-89365C1A10B8}.Debug|Any CPU.Build.0 = Debug|Any CPU
		{A5401EE7-9066-4869-8AF7-89365C1A10B8}.Release|Any CPU.ActiveCfg = Release|Any CPU
		{A5401EE7-9066-4869-8AF7-89365C1A10B8}.Release|Any CPU.Build.0 = Release|Any CPU
	EndGlobalSection
	GlobalSection(SolutionProperties) = preSolution
		HideSolutionNode = FALSE
	EndGlobalSection
	GlobalSection(ExtensibilityGlobals) = postSolution
		SolutionGuid = {182AED78-11F0-4CCC-89CA-B05D3DE7BEF7}
	EndGlobalSection
EndGlobal
