
Microsoft Visual Studio Solution File, Format Version 12.00
# Visual Studio Version 16
VisualStudioVersion = 16.0.30413.136
MinimumVisualStudioVersion = 10.0.40219.1
Project("{FAE04EC0-301F-11D3-BF4B-00C04F79EFBC}") = "DateTimeFundamentals", "DateTimeFundamentals\DateTimeFundamentals.csproj", "{AB6F263E-2A06-49E8-9DCA-922C18B82426}"
EndProject
Global
	GlobalSection(SolutionConfigurationPlatforms) = preSolution
		Debug|Any CPU = Debug|Any CPU
		Release|Any CPU = Release|Any CPU
	EndGlobalSection
	GlobalSection(ProjectConfigurationPlatforms) = postSolution
		{AB6F263E-2A06-49E8-9DCA-922C18B82426}.Debug|Any CPU.ActiveCfg = Debug|Any CPU
		{AB6F263E-2A06-49E8-9DCA-922C18B82426}.Debug|Any CPU.Build.0 = Debug|Any CPU
		{AB6F263E-2A06-49E8-9DCA-922C18B82426}.Release|Any CPU.ActiveCfg = Release|Any CPU
		{AB6F263E-2A06-49E8-9DCA-922C18B82426}.Release|Any CPU.Build.0 = Release|Any CPU
	EndGlobalSection
	GlobalSection(SolutionProperties) = preSolution
		HideSolutionNode = FALSE
	EndGlobalSection
	GlobalSection(ExtensibilityGlobals) = postSolution
		SolutionGuid = {3BCEC41A-9D04-43FE-B380-88AAC629607F}
	EndGlobalSection
EndGlobal
